
Microsoft Visual Studio Solution File, Format Version 12.00
# Visual Studio Version 17
VisualStudioVersion = 17.5.33502.453
MinimumVisualStudioVersion = 10.0.40219.1
Project("{FAE04EC0-301F-11D3-BF4B-00C04F79EFBC}") = "CapaDeDatos", "..\CapaDeDatos\CapaDeDatos.csproj", "{F64D2566-53D1-4DC1-B07E-8F963D47EDA6}"
EndProject
Project("{FAE04EC0-301F-11D3-BF4B-00C04F79EFBC}") = "CapaDeNegocios", "..\CapaDeNegocios\CapaDeNegocios.csproj", "{CEE76D3C-C1E3-49CE-A591-B9126E505FF6}"
EndProject
Project("{FAE04EC0-301F-11D3-BF4B-00C04F79EFBC}") = "CapaPedentacion", "..\CapaPedentacion\CapaPedentacion.csproj", "{9A404971-D9FF-41C8-86FA-D209886A6A2D}"
EndProject
Global
	GlobalSection(SolutionConfigurationPlatforms) = preSolution
		Debug|Any CPU = Debug|Any CPU
		Release|Any CPU = Release|Any CPU
	EndGlobalSection
	GlobalSection(ProjectConfigurationPlatforms) = postSolution
		{F64D2566-53D1-4DC1-B07E-8F963D47EDA6}.Debug|Any CPU.ActiveCfg = Debug|Any CPU
		{F64D2566-53D1-4DC1-B07E-8F963D47EDA6}.Debug|Any CPU.Build.0 = Debug|Any CPU
		{F64D2566-53D1-4DC1-B07E-8F963D47EDA6}.Release|Any CPU.ActiveCfg = Release|Any CPU
		{F64D2566-53D1-4DC1-B07E-8F963D47EDA6}.Release|Any CPU.Build.0 = Release|Any CPU
		{CEE76D3C-C1E3-49CE-A591-B9126E505FF6}.Debug|Any CPU.ActiveCfg = Debug|Any CPU
		{CEE76D3C-C1E3-49CE-A591-B9126E505FF6}.Debug|Any CPU.Build.0 = Debug|Any CPU
		{CEE76D3C-C1E3-49CE-A591-B9126E505FF6}.Release|Any CPU.ActiveCfg = Release|Any CPU
		{CEE76D3C-C1E3-49CE-A591-B9126E505FF6}.Release|Any CPU.Build.0 = Release|Any CPU
		{9A404971-D9FF-41C8-86FA-D209886A6A2D}.Debug|Any CPU.ActiveCfg = Debug|Any CPU
		{9A404971-D9FF-41C8-86FA-D209886A6A2D}.Debug|Any CPU.Build.0 = Debug|Any CPU
		{9A404971-D9FF-41C8-86FA-D209886A6A2D}.Release|Any CPU.ActiveCfg = Release|Any CPU
		{9A404971-D9FF-41C8-86FA-D209886A6A2D}.Release|Any CPU.Build.0 = Release|Any CPU
	EndGlobalSection
	GlobalSection(SolutionProperties) = preSolution
		HideSolutionNode = FALSE
	EndGlobalSection
	GlobalSection(ExtensibilityGlobals) = postSolution
		SolutionGuid = {B00A397F-6325-4AC4-90FB-CED36413BB43}
	EndGlobalSection
EndGlobal
